
Microsoft Visual Studio Solution File, Format Version 12.00
# Visual Studio Version 16
VisualStudioVersion = 16.0.30114.105
MinimumVisualStudioVersion = 10.0.40219.1
Project("{FAE04EC0-301F-11D3-BF4B-00C04F79EFBC}") = "API", "API\API.csproj", "{4782D05C-13D6-4861-A1C3-3336DBCBEDA9}"
EndProject
Project("{FAE04EC0-301F-11D3-BF4B-00C04F79EFBC}") = "Application", "Application\Application.csproj", "{84E80E24-7E15-4E78-8B3D-A9142404012A}"
EndProject
Project("{FAE04EC0-301F-11D3-BF4B-00C04F79EFBC}") = "Domain", "Domain\Domain.csproj", "{2D834348-5C9B-4E34-8EF6-8DCD53E9AE89}"
EndProject
Project("{FAE04EC0-301F-11D3-BF4B-00C04F79EFBC}") = "Persistence", "Persistence\Persistence.csproj", "{A3255891-A8C5-4D0D-A2CF-E5A9789A0F97}"
EndProject
Project("{FAE04EC0-301F-11D3-BF4B-00C04F79EFBC}") = "Infrastructure", "Infrastructure\Infrastructure.csproj", "{0FF7E03F-9933-4AA6-A301-C27F0201FA6F}"
EndProject
Global
	GlobalSection(SolutionConfigurationPlatforms) = preSolution
		Debug|Any CPU = Debug|Any CPU
		Release|Any CPU = Release|Any CPU
	EndGlobalSection
	GlobalSection(SolutionProperties) = preSolution
		HideSolutionNode = FALSE
	EndGlobalSection
	GlobalSection(ProjectConfigurationPlatforms) = postSolution
		{4782D05C-13D6-4861-A1C3-3336DBCBEDA9}.Debug|Any CPU.ActiveCfg = Debug|Any CPU
		{4782D05C-13D6-4861-A1C3-3336DBCBEDA9}.Debug|Any CPU.Build.0 = Debug|Any CPU
		{4782D05C-13D6-4861-A1C3-3336DBCBEDA9}.Release|Any CPU.ActiveCfg = Release|Any CPU
		{4782D05C-13D6-4861-A1C3-3336DBCBEDA9}.Release|Any CPU.Build.0 = Release|Any CPU
		{84E80E24-7E15-4E78-8B3D-A9142404012A}.Debug|Any CPU.ActiveCfg = Debug|Any CPU
		{84E80E24-7E15-4E78-8B3D-A9142404012A}.Debug|Any CPU.Build.0 = Debug|Any CPU
		{84E80E24-7E15-4E78-8B3D-A9142404012A}.Release|Any CPU.ActiveCfg = Release|Any CPU
		{84E80E24-7E15-4E78-8B3D-A9142404012A}.Release|Any CPU.Build.0 = Release|Any CPU
		{2D834348-5C9B-4E34-8EF6-8DCD53E9AE89}.Debug|Any CPU.ActiveCfg = Debug|Any CPU
		{2D834348-5C9B-4E34-8EF6-8DCD53E9AE89}.Debug|Any CPU.Build.0 = Debug|Any CPU
		{2D834348-5C9B-4E34-8EF6-8DCD53E9AE89}.Release|Any CPU.ActiveCfg = Release|Any CPU
		{2D834348-5C9B-4E34-8EF6-8DCD53E9AE89}.Release|Any CPU.Build.0 = Release|Any CPU
		{A3255891-A8C5-4D0D-A2CF-E5A9789A0F97}.Debug|Any CPU.ActiveCfg = Debug|Any CPU
		{A3255891-A8C5-4D0D-A2CF-E5A9789A0F97}.Debug|Any CPU.Build.0 = Debug|Any CPU
		{A3255891-A8C5-4D0D-A2CF-E5A9789A0F97}.Release|Any CPU.ActiveCfg = Release|Any CPU
		{A3255891-A8C5-4D0D-A2CF-E5A9789A0F97}.Release|Any CPU.Build.0 = Release|Any CPU
		{0FF7E03F-9933-4AA6-A301-C27F0201FA6F}.Debug|Any CPU.ActiveCfg = Debug|Any CPU
		{0FF7E03F-9933-4AA6-A301-C27F0201FA6F}.Debug|Any CPU.Build.0 = Debug|Any CPU
		{0FF7E03F-9933-4AA6-A301-C27F0201FA6F}.Release|Any CPU.ActiveCfg = Release|Any CPU
		{0FF7E03F-9933-4AA6-A301-C27F0201FA6F}.Release|Any CPU.Build.0 = Release|Any CPU
	EndGlobalSection
EndGlobal
